
Microsoft Visual Studio Solution File, Format Version 12.00
# Visual Studio Version 16
VisualStudioVersion = 16.0.31129.286
MinimumVisualStudioVersion = 10.0.40219.1
Project("{9A19103F-16F7-4668-BE54-9A1E7A4F7556}") = "FactoryMethod", "FactoryMethod\FactoryMethod.csproj", "{E01CA6E5-C12F-4B19-900F-1C6D45586FEA}"
EndProject
Project("{9A19103F-16F7-4668-BE54-9A1E7A4F7556}") = "Abstract Factory", "Abstract Factory\Abstract Factory.csproj", "{4391A8AA-B667-4DB0-9C8D-214E51B7B594}"
EndProject
Project("{9A19103F-16F7-4668-BE54-9A1E7A4F7556}") = "Builder", "Builder\Builder.csproj", "{624585F7-F630-48B9-AB96-A98BD85DE207}"
EndProject
Project("{9A19103F-16F7-4668-BE54-9A1E7A4F7556}") = "FluentInterface", "FluentInterface\FluentInterface.csproj", "{3D3EB2BD-215F-4F04-82AB-066694636930}"
EndProject
Project("{9A19103F-16F7-4668-BE54-9A1E7A4F7556}") = "Prototype", "Prototype\Prototype.csproj", "{382BC6A6-2653-45C4-8A34-F3254D4CB25F}"
EndProject
Project("{9A19103F-16F7-4668-BE54-9A1E7A4F7556}") = "SingletonDemoV1", "SingletonDemoV1\SingletonDemoV1.csproj", "{3F78803B-F44D-4BC0-902E-292B2046F554}"
EndProject
Project("{9A19103F-16F7-4668-BE54-9A1E7A4F7556}") = "SingletonDemoV2", "SingletonDemoV2\SingletonDemoV2.csproj", "{82672E1D-475E-427A-A954-420FC9BEAB5C}"
EndProject
Project("{9A19103F-16F7-4668-BE54-9A1E7A4F7556}") = "SingletonDemoV3", "SingletonDemoV3\SingletonDemoV3.csproj", "{4071F82B-5A1A-40A6-B1E0-AAE3870D8AFE}"
EndProject
Project("{9A19103F-16F7-4668-BE54-9A1E7A4F7556}") = "SingletonDemoV4", "SingletonDemoV4\SingletonDemoV4.csproj", "{A2CA5604-624B-4498-B093-0A26F0DCA194}"
EndProject
Project("{FAE04EC0-301F-11D3-BF4B-00C04F79EFBC}") = "SingletonMVC", "SingletonMVC\SingletonMVC.csproj", "{2F825610-E4BB-46EF-A678-F0FB6C6A871E}"
EndProject
Project("{9A19103F-16F7-4668-BE54-9A1E7A4F7556}") = "Adapter", "Adapter\Adapter.csproj", "{03ED51E8-5ABE-4955-9C86-F2BDC431A637}"
EndProject
Project("{9A19103F-16F7-4668-BE54-9A1E7A4F7556}") = "Facade", "Facade\Facade.csproj", "{77001547-23CA-46E9-A134-F11B772FE4F5}"
EndProject
Project("{9A19103F-16F7-4668-BE54-9A1E7A4F7556}") = "Decorator", "Decorator\Decorator.csproj", "{73331F77-5D82-40C5-8A46-1190D7FF65CF}"
EndProject
Project("{9A19103F-16F7-4668-BE54-9A1E7A4F7556}") = "DecoratorDemo", "DecoratorDemo\DecoratorDemo.csproj", "{9348B3F1-446A-4B9B-9B0C-A28D32740837}"
EndProject
Project("{9A19103F-16F7-4668-BE54-9A1E7A4F7556}") = "Bridge", "Bridge\Bridge.csproj", "{F59F05C7-7E74-406D-A669-D5F02EBFF4CA}"
EndProject
Project("{9A19103F-16F7-4668-BE54-9A1E7A4F7556}") = "BridgeDemo", "BridgeDemo\BridgeDemo.csproj", "{E8279911-CC91-415E-A4C5-28D9C50FBBAF}"
EndProject
Project("{9A19103F-16F7-4668-BE54-9A1E7A4F7556}") = "Composite", "Composite\Composite.csproj", "{7EEDD470-F5D6-4B4E-A3DD-396708CD9E43}"
EndProject
Project("{9A19103F-16F7-4668-BE54-9A1E7A4F7556}") = "Proxy", "Proxy\Proxy.csproj", "{0CC7F7C8-A074-432C-B2CD-85D24F1ACA90}"
EndProject
Project("{9A19103F-16F7-4668-BE54-9A1E7A4F7556}") = "ProxyDemo", "ProxyDemo\ProxyDemo.csproj", "{778FD109-3523-4CE1-8631-F840E3AA998C}"
EndProject
Project("{9A19103F-16F7-4668-BE54-9A1E7A4F7556}") = "Flyweight", "Flyweight\Flyweight.csproj", "{71BBE6A7-8A6F-497E-9639-0AAFD409A330}"
EndProject
Project("{9A19103F-16F7-4668-BE54-9A1E7A4F7556}") = "Iterator", "Iterator\Iterator.csproj", "{9437B8C3-BB68-4F07-BC98-30531CC40200}"
EndProject
Project("{9A19103F-16F7-4668-BE54-9A1E7A4F7556}") = "Observer", "Observer\Observer.csproj", "{F94B9999-6A98-47F7-986A-92F343F8E60C}"
EndProject
Project("{9A19103F-16F7-4668-BE54-9A1E7A4F7556}") = "ChainOfResponsibility", "ChainOfResponsibility\ChainOfResponsibility.csproj", "{56AFC526-F1AF-4C79-9388-AF67218FB9E6}"
EndProject
Project("{9A19103F-16F7-4668-BE54-9A1E7A4F7556}") = "ChainOfResponsibilityDemo", "ChainOfResponsibilityDemo\ChainOfResponsibilityDemo.csproj", "{5958AA46-E836-4CC6-8056-8F8B88953841}"
EndProject
Project("{9A19103F-16F7-4668-BE54-9A1E7A4F7556}") = "State", "State\State.csproj", "{5951BF9F-52C5-4A56-9813-CFC90DFE7C88}"
EndProject
Project("{9A19103F-16F7-4668-BE54-9A1E7A4F7556}") = "StateDemo", "StateDemo\StateDemo.csproj", "{AD1204E9-89B7-4707-81EA-0FAE2311A1E1}"
EndProject
Project("{9A19103F-16F7-4668-BE54-9A1E7A4F7556}") = "TemplateMethod", "TemplateMethod\TemplateMethod.csproj", "{2634FB30-6579-4793-9B44-51EFE29C493E}"
EndProject
Project("{9A19103F-16F7-4668-BE54-9A1E7A4F7556}") = "Command", "Command\Command.csproj", "{F625624F-C1A7-4C32-9AC7-224FE5E7ED6C}"
EndProject
Project("{9A19103F-16F7-4668-BE54-9A1E7A4F7556}") = "Visitor", "Visitor\Visitor.csproj", "{EDB02BA8-6C41-452E-B1C8-782BC804CD08}"
EndProject
Project("{9A19103F-16F7-4668-BE54-9A1E7A4F7556}") = "Strategy", "Strategy\Strategy.csproj", "{74F5CA02-4219-47A2-9CAF-9BA49D1DA5A6}"
EndProject
Project("{9A19103F-16F7-4668-BE54-9A1E7A4F7556}") = "Interpreter", "Interpreter\Interpreter.csproj", "{FE5499FA-F63C-4969-98F2-2498E9E05B57}"
EndProject
Project("{9A19103F-16F7-4668-BE54-9A1E7A4F7556}") = "Mediator", "Mediator\Mediator.csproj", "{7F52040B-E12F-4BF8-AB19-C67B0CB9CCF3}"
EndProject
Project("{9A19103F-16F7-4668-BE54-9A1E7A4F7556}") = "Memento", "Memento\Memento.csproj", "{1DC9ED68-6CA1-48DC-A48A-854715FD2975}"
EndProject
Project("{FAE04EC0-301F-11D3-BF4B-00C04F79EFBC}") = "MVCUsingUnity", "MVCUsingUnity\MVCUsingUnity.csproj", "{30AFADFD-5A45-44B3-85B4-1FB71321D5AF}"
EndProject
Project("{FAE04EC0-301F-11D3-BF4B-00C04F79EFBC}") = "EntitiesCL", "EntitiesCL\EntitiesCL.csproj", "{815B7A68-C58A-4335-A36C-530B8C2BAF4D}"
EndProject
Project("{FAE04EC0-301F-11D3-BF4B-00C04F79EFBC}") = "ServicesCL", "ServicesCL\ServicesCL.csproj", "{40221DF5-D3BB-40D8-971F-CFBF679902C4}"
EndProject
Global
	GlobalSection(SolutionConfigurationPlatforms) = preSolution
		Debug|Any CPU = Debug|Any CPU
		Release|Any CPU = Release|Any CPU
	EndGlobalSection
	GlobalSection(ProjectConfigurationPlatforms) = postSolution
		{E01CA6E5-C12F-4B19-900F-1C6D45586FEA}.Debug|Any CPU.ActiveCfg = Debug|Any CPU
		{E01CA6E5-C12F-4B19-900F-1C6D45586FEA}.Debug|Any CPU.Build.0 = Debug|Any CPU
		{E01CA6E5-C12F-4B19-900F-1C6D45586FEA}.Release|Any CPU.ActiveCfg = Release|Any CPU
		{E01CA6E5-C12F-4B19-900F-1C6D45586FEA}.Release|Any CPU.Build.0 = Release|Any CPU
		{4391A8AA-B667-4DB0-9C8D-214E51B7B594}.Debug|Any CPU.ActiveCfg = Debug|Any CPU
		{4391A8AA-B667-4DB0-9C8D-214E51B7B594}.Debug|Any CPU.Build.0 = Debug|Any CPU
		{4391A8AA-B667-4DB0-9C8D-214E51B7B594}.Release|Any CPU.ActiveCfg = Release|Any CPU
		{4391A8AA-B667-4DB0-9C8D-214E51B7B594}.Release|Any CPU.Build.0 = Release|Any CPU
		{624585F7-F630-48B9-AB96-A98BD85DE207}.Debug|Any CPU.ActiveCfg = Debug|Any CPU
		{624585F7-F630-48B9-AB96-A98BD85DE207}.Debug|Any CPU.Build.0 = Debug|Any CPU
		{624585F7-F630-48B9-AB96-A98BD85DE207}.Release|Any CPU.ActiveCfg = Release|Any CPU
		{624585F7-F630-48B9-AB96-A98BD85DE207}.Release|Any CPU.Build.0 = Release|Any CPU
		{3D3EB2BD-215F-4F04-82AB-066694636930}.Debug|Any CPU.ActiveCfg = Debug|Any CPU
		{3D3EB2BD-215F-4F04-82AB-066694636930}.Debug|Any CPU.Build.0 = Debug|Any CPU
		{3D3EB2BD-215F-4F04-82AB-066694636930}.Release|Any CPU.ActiveCfg = Release|Any CPU
		{3D3EB2BD-215F-4F04-82AB-066694636930}.Release|Any CPU.Build.0 = Release|Any CPU
		{382BC6A6-2653-45C4-8A34-F3254D4CB25F}.Debug|Any CPU.ActiveCfg = Debug|Any CPU
		{382BC6A6-2653-45C4-8A34-F3254D4CB25F}.Debug|Any CPU.Build.0 = Debug|Any CPU
		{382BC6A6-2653-45C4-8A34-F3254D4CB25F}.Release|Any CPU.ActiveCfg = Release|Any CPU
		{382BC6A6-2653-45C4-8A34-F3254D4CB25F}.Release|Any CPU.Build.0 = Release|Any CPU
		{3F78803B-F44D-4BC0-902E-292B2046F554}.Debug|Any CPU.ActiveCfg = Debug|Any CPU
		{3F78803B-F44D-4BC0-902E-292B2046F554}.Debug|Any CPU.Build.0 = Debug|Any CPU
		{3F78803B-F44D-4BC0-902E-292B2046F554}.Release|Any CPU.ActiveCfg = Release|Any CPU
		{3F78803B-F44D-4BC0-902E-292B2046F554}.Release|Any CPU.Build.0 = Release|Any CPU
		{82672E1D-475E-427A-A954-420FC9BEAB5C}.Debug|Any CPU.ActiveCfg = Debug|Any CPU
		{82672E1D-475E-427A-A954-420FC9BEAB5C}.Debug|Any CPU.Build.0 = Debug|Any CPU
		{82672E1D-475E-427A-A954-420FC9BEAB5C}.Release|Any CPU.ActiveCfg = Release|Any CPU
		{82672E1D-475E-427A-A954-420FC9BEAB5C}.Release|Any CPU.Build.0 = Release|Any CPU
		{4071F82B-5A1A-40A6-B1E0-AAE3870D8AFE}.Debug|Any CPU.ActiveCfg = Debug|Any CPU
		{4071F82B-5A1A-40A6-B1E0-AAE3870D8AFE}.Debug|Any CPU.Build.0 = Debug|Any CPU
		{4071F82B-5A1A-40A6-B1E0-AAE3870D8AFE}.Release|Any CPU.ActiveCfg = Release|Any CPU
		{4071F82B-5A1A-40A6-B1E0-AAE3870D8AFE}.Release|Any CPU.Build.0 = Release|Any CPU
		{A2CA5604-624B-4498-B093-0A26F0DCA194}.Debug|Any CPU.ActiveCfg = Debug|Any CPU
		{A2CA5604-624B-4498-B093-0A26F0DCA194}.Debug|Any CPU.Build.0 = Debug|Any CPU
		{A2CA5604-624B-4498-B093-0A26F0DCA194}.Release|Any CPU.ActiveCfg = Release|Any CPU
		{A2CA5604-624B-4498-B093-0A26F0DCA194}.Release|Any CPU.Build.0 = Release|Any CPU
		{2F825610-E4BB-46EF-A678-F0FB6C6A871E}.Debug|Any CPU.ActiveCfg = Debug|Any CPU
		{2F825610-E4BB-46EF-A678-F0FB6C6A871E}.Debug|Any CPU.Build.0 = Debug|Any CPU
		{2F825610-E4BB-46EF-A678-F0FB6C6A871E}.Release|Any CPU.ActiveCfg = Release|Any CPU
		{2F825610-E4BB-46EF-A678-F0FB6C6A871E}.Release|Any CPU.Build.0 = Release|Any CPU
		{03ED51E8-5ABE-4955-9C86-F2BDC431A637}.Debug|Any CPU.ActiveCfg = Debug|Any CPU
		{03ED51E8-5ABE-4955-9C86-F2BDC431A637}.Debug|Any CPU.Build.0 = Debug|Any CPU
		{03ED51E8-5ABE-4955-9C86-F2BDC431A637}.Release|Any CPU.ActiveCfg = Release|Any CPU
		{03ED51E8-5ABE-4955-9C86-F2BDC431A637}.Release|Any CPU.Build.0 = Release|Any CPU
		{77001547-23CA-46E9-A134-F11B772FE4F5}.Debug|Any CPU.ActiveCfg = Debug|Any CPU
		{77001547-23CA-46E9-A134-F11B772FE4F5}.Debug|Any CPU.Build.0 = Debug|Any CPU
		{77001547-23CA-46E9-A134-F11B772FE4F5}.Release|Any CPU.ActiveCfg = Release|Any CPU
		{77001547-23CA-46E9-A134-F11B772FE4F5}.Release|Any CPU.Build.0 = Release|Any CPU
		{73331F77-5D82-40C5-8A46-1190D7FF65CF}.Debug|Any CPU.ActiveCfg = Debug|Any CPU
		{73331F77-5D82-40C5-8A46-1190D7FF65CF}.Debug|Any CPU.Build.0 = Debug|Any CPU
		{73331F77-5D82-40C5-8A46-1190D7FF65CF}.Release|Any CPU.ActiveCfg = Release|Any CPU
		{73331F77-5D82-40C5-8A46-1190D7FF65CF}.Release|Any CPU.Build.0 = Release|Any CPU
		{9348B3F1-446A-4B9B-9B0C-A28D32740837}.Debug|Any CPU.ActiveCfg = Debug|Any CPU
		{9348B3F1-446A-4B9B-9B0C-A28D32740837}.Debug|Any CPU.Build.0 = Debug|Any CPU
		{9348B3F1-446A-4B9B-9B0C-A28D32740837}.Release|Any CPU.ActiveCfg = Release|Any CPU
		{9348B3F1-446A-4B9B-9B0C-A28D32740837}.Release|Any CPU.Build.0 = Release|Any CPU
		{F59F05C7-7E74-406D-A669-D5F02EBFF4CA}.Debug|Any CPU.ActiveCfg = Debug|Any CPU
		{F59F05C7-7E74-406D-A669-D5F02EBFF4CA}.Debug|Any CPU.Build.0 = Debug|Any CPU
		{F59F05C7-7E74-406D-A669-D5F02EBFF4CA}.Release|Any CPU.ActiveCfg = Release|Any CPU
		{F59F05C7-7E74-406D-A669-D5F02EBFF4CA}.Release|Any CPU.Build.0 = Release|Any CPU
		{E8279911-CC91-415E-A4C5-28D9C50FBBAF}.Debug|Any CPU.ActiveCfg = Debug|Any CPU
		{E8279911-CC91-415E-A4C5-28D9C50FBBAF}.Debug|Any CPU.Build.0 = Debug|Any CPU
		{E8279911-CC91-415E-A4C5-28D9C50FBBAF}.Release|Any CPU.ActiveCfg = Release|Any CPU
		{E8279911-CC91-415E-A4C5-28D9C50FBBAF}.Release|Any CPU.Build.0 = Release|Any CPU
		{7EEDD470-F5D6-4B4E-A3DD-396708CD9E43}.Debug|Any CPU.ActiveCfg = Debug|Any CPU
		{7EEDD470-F5D6-4B4E-A3DD-396708CD9E43}.Debug|Any CPU.Build.0 = Debug|Any CPU
		{7EEDD470-F5D6-4B4E-A3DD-396708CD9E43}.Release|Any CPU.ActiveCfg = Release|Any CPU
		{7EEDD470-F5D6-4B4E-A3DD-396708CD9E43}.Release|Any CPU.Build.0 = Release|Any CPU
		{0CC7F7C8-A074-432C-B2CD-85D24F1ACA90}.Debug|Any CPU.ActiveCfg = Debug|Any CPU
		{0CC7F7C8-A074-432C-B2CD-85D24F1ACA90}.Debug|Any CPU.Build.0 = Debug|Any CPU
		{0CC7F7C8-A074-432C-B2CD-85D24F1ACA90}.Release|Any CPU.ActiveCfg = Release|Any CPU
		{0CC7F7C8-A074-432C-B2CD-85D24F1ACA90}.Release|Any CPU.Build.0 = Release|Any CPU
		{778FD109-3523-4CE1-8631-F840E3AA998C}.Debug|Any CPU.ActiveCfg = Debug|Any CPU
		{778FD109-3523-4CE1-8631-F840E3AA998C}.Debug|Any CPU.Build.0 = Debug|Any CPU
		{778FD109-3523-4CE1-8631-F840E3AA998C}.Release|Any CPU.ActiveCfg = Release|Any CPU
		{778FD109-3523-4CE1-8631-F840E3AA998C}.Release|Any CPU.Build.0 = Release|Any CPU
		{71BBE6A7-8A6F-497E-9639-0AAFD409A330}.Debug|Any CPU.ActiveCfg = Debug|Any CPU
		{71BBE6A7-8A6F-497E-9639-0AAFD409A330}.Debug|Any CPU.Build.0 = Debug|Any CPU
		{71BBE6A7-8A6F-497E-9639-0AAFD409A330}.Release|Any CPU.ActiveCfg = Release|Any CPU
		{71BBE6A7-8A6F-497E-9639-0AAFD409A330}.Release|Any CPU.Build.0 = Release|Any CPU
		{9437B8C3-BB68-4F07-BC98-30531CC40200}.Debug|Any CPU.ActiveCfg = Debug|Any CPU
		{9437B8C3-BB68-4F07-BC98-30531CC40200}.Debug|Any CPU.Build.0 = Debug|Any CPU
		{9437B8C3-BB68-4F07-BC98-30531CC40200}.Release|Any CPU.ActiveCfg = Release|Any CPU
		{9437B8C3-BB68-4F07-BC98-30531CC40200}.Release|Any CPU.Build.0 = Release|Any CPU
		{F94B9999-6A98-47F7-986A-92F343F8E60C}.Debug|Any CPU.ActiveCfg = Debug|Any CPU
		{F94B9999-6A98-47F7-986A-92F343F8E60C}.Debug|Any CPU.Build.0 = Debug|Any CPU
		{F94B9999-6A98-47F7-986A-92F343F8E60C}.Release|Any CPU.ActiveCfg = Release|Any CPU
		{F94B9999-6A98-47F7-986A-92F343F8E60C}.Release|Any CPU.Build.0 = Release|Any CPU
		{56AFC526-F1AF-4C79-9388-AF67218FB9E6}.Debug|Any CPU.ActiveCfg = Debug|Any CPU
		{56AFC526-F1AF-4C79-9388-AF67218FB9E6}.Debug|Any CPU.Build.0 = Debug|Any CPU
		{56AFC526-F1AF-4C79-9388-AF67218FB9E6}.Release|Any CPU.ActiveCfg = Release|Any CPU
		{56AFC526-F1AF-4C79-9388-AF67218FB9E6}.Release|Any CPU.Build.0 = Release|Any CPU
		{5958AA46-E836-4CC6-8056-8F8B88953841}.Debug|Any CPU.ActiveCfg = Debug|Any CPU
		{5958AA46-E836-4CC6-8056-8F8B88953841}.Debug|Any CPU.Build.0 = Debug|Any CPU
		{5958AA46-E836-4CC6-8056-8F8B88953841}.Release|Any CPU.ActiveCfg = Release|Any CPU
		{5958AA46-E836-4CC6-8056-8F8B88953841}.Release|Any CPU.Build.0 = Release|Any CPU
		{5951BF9F-52C5-4A56-9813-CFC90DFE7C88}.Debug|Any CPU.ActiveCfg = Debug|Any CPU
		{5951BF9F-52C5-4A56-9813-CFC90DFE7C88}.Debug|Any CPU.Build.0 = Debug|Any CPU
		{5951BF9F-52C5-4A56-9813-CFC90DFE7C88}.Release|Any CPU.ActiveCfg = Release|Any CPU
		{5951BF9F-52C5-4A56-9813-CFC90DFE7C88}.Release|Any CPU.Build.0 = Release|Any CPU
		{AD1204E9-89B7-4707-81EA-0FAE2311A1E1}.Debug|Any CPU.ActiveCfg = Debug|Any CPU
		{AD1204E9-89B7-4707-81EA-0FAE2311A1E1}.Debug|Any CPU.Build.0 = Debug|Any CPU
		{AD1204E9-89B7-4707-81EA-0FAE2311A1E1}.Release|Any CPU.ActiveCfg = Release|Any CPU
		{AD1204E9-89B7-4707-81EA-0FAE2311A1E1}.Release|Any CPU.Build.0 = Release|Any CPU
		{2634FB30-6579-4793-9B44-51EFE29C493E}.Debug|Any CPU.ActiveCfg = Debug|Any CPU
		{2634FB30-6579-4793-9B44-51EFE29C493E}.Debug|Any CPU.Build.0 = Debug|Any CPU
		{2634FB30-6579-4793-9B44-51EFE29C493E}.Release|Any CPU.ActiveCfg = Release|Any CPU
		{2634FB30-6579-4793-9B44-51EFE29C493E}.Release|Any CPU.Build.0 = Release|Any CPU
		{F625624F-C1A7-4C32-9AC7-224FE5E7ED6C}.Debug|Any CPU.ActiveCfg = Debug|Any CPU
		{F625624F-C1A7-4C32-9AC7-224FE5E7ED6C}.Debug|Any CPU.Build.0 = Debug|Any CPU
		{F625624F-C1A7-4C32-9AC7-224FE5E7ED6C}.Release|Any CPU.ActiveCfg = Release|Any CPU
		{F625624F-C1A7-4C32-9AC7-224FE5E7ED6C}.Release|Any CPU.Build.0 = Release|Any CPU
		{EDB02BA8-6C41-452E-B1C8-782BC804CD08}.Debug|Any CPU.ActiveCfg = Debug|Any CPU
		{EDB02BA8-6C41-452E-B1C8-782BC804CD08}.Debug|Any CPU.Build.0 = Debug|Any CPU
		{EDB02BA8-6C41-452E-B1C8-782BC804CD08}.Release|Any CPU.ActiveCfg = Release|Any CPU
		{EDB02BA8-6C41-452E-B1C8-782BC804CD08}.Release|Any CPU.Build.0 = Release|Any CPU
		{74F5CA02-4219-47A2-9CAF-9BA49D1DA5A6}.Debug|Any CPU.ActiveCfg = Debug|Any CPU
		{74F5CA02-4219-47A2-9CAF-9BA49D1DA5A6}.Debug|Any CPU.Build.0 = Debug|Any CPU
		{74F5CA02-4219-47A2-9CAF-9BA49D1DA5A6}.Release|Any CPU.ActiveCfg = Release|Any CPU
		{74F5CA02-4219-47A2-9CAF-9BA49D1DA5A6}.Release|Any CPU.Build.0 = Release|Any CPU
		{FE5499FA-F63C-4969-98F2-2498E9E05B57}.Debug|Any CPU.ActiveCfg = Debug|Any CPU
		{FE5499FA-F63C-4969-98F2-2498E9E05B57}.Debug|Any CPU.Build.0 = Debug|Any CPU
		{FE5499FA-F63C-4969-98F2-2498E9E05B57}.Release|Any CPU.ActiveCfg = Release|Any CPU
		{FE5499FA-F63C-4969-98F2-2498E9E05B57}.Release|Any CPU.Build.0 = Release|Any CPU
		{7F52040B-E12F-4BF8-AB19-C67B0CB9CCF3}.Debug|Any CPU.ActiveCfg = Debug|Any CPU
		{7F52040B-E12F-4BF8-AB19-C67B0CB9CCF3}.Debug|Any CPU.Build.0 = Debug|Any CPU
		{7F52040B-E12F-4BF8-AB19-C67B0CB9CCF3}.Release|Any CPU.ActiveCfg = Release|Any CPU
		{7F52040B-E12F-4BF8-AB19-C67B0CB9CCF3}.Release|Any CPU.Build.0 = Release|Any CPU
		{1DC9ED68-6CA1-48DC-A48A-854715FD2975}.Debug|Any CPU.ActiveCfg = Debug|Any CPU
		{1DC9ED68-6CA1-48DC-A48A-854715FD2975}.Debug|Any CPU.Build.0 = Debug|Any CPU
		{1DC9ED68-6CA1-48DC-A48A-854715FD2975}.Release|Any CPU.ActiveCfg = Release|Any CPU
		{1DC9ED68-6CA1-48DC-A48A-854715FD2975}.Release|Any CPU.Build.0 = Release|Any CPU
		{30AFADFD-5A45-44B3-85B4-1FB71321D5AF}.Debug|Any CPU.ActiveCfg = Debug|Any CPU
		{30AFADFD-5A45-44B3-85B4-1FB71321D5AF}.Debug|Any CPU.Build.0 = Debug|Any CPU
		{30AFADFD-5A45-44B3-85B4-1FB71321D5AF}.Release|Any CPU.ActiveCfg = Release|Any CPU
		{30AFADFD-5A45-44B3-85B4-1FB71321D5AF}.Release|Any CPU.Build.0 = Release|Any CPU
		{815B7A68-C58A-4335-A36C-530B8C2BAF4D}.Debug|Any CPU.ActiveCfg = Debug|Any CPU
		{815B7A68-C58A-4335-A36C-530B8C2BAF4D}.Debug|Any CPU.Build.0 = Debug|Any CPU
		{815B7A68-C58A-4335-A36C-530B8C2BAF4D}.Release|Any CPU.ActiveCfg = Release|Any CPU
		{815B7A68-C58A-4335-A36C-530B8C2BAF4D}.Release|Any CPU.Build.0 = Release|Any CPU
		{40221DF5-D3BB-40D8-971F-CFBF679902C4}.Debug|Any CPU.ActiveCfg = Debug|Any CPU
		{40221DF5-D3BB-40D8-971F-CFBF679902C4}.Debug|Any CPU.Build.0 = Debug|Any CPU
		{40221DF5-D3BB-40D8-971F-CFBF679902C4}.Release|Any CPU.ActiveCfg = Release|Any CPU
		{40221DF5-D3BB-40D8-971F-CFBF679902C4}.Release|Any CPU.Build.0 = Release|Any CPU
	EndGlobalSection
	GlobalSection(SolutionProperties) = preSolution
		HideSolutionNode = FALSE
	EndGlobalSection
	GlobalSection(ExtensibilityGlobals) = postSolution
		SolutionGuid = {B6679EB9-D358-4868-99FE-710E97F09962}
	EndGlobalSection
EndGlobal
